{
    "_readme": [
        "This file locks the dependencies of your project to a known state",
        "Read more about it at http://getcomposer.org/doc/01-basic-usage.md#composer-lock-the-lock-file",
        "This file is @generated automatically"
    ],
    "hash": "b293ba344b7dc70fb46d7dfe5c25df9a",
    "packages": [
        {
            "name": "exiftool/exiftool",
            "version": "9.89",
            "dist": {
                "type": "tar",
                "url": "http://www.sno.phy.queensu.ca/~phil/exiftool/Image-ExifTool-9.89.tar.gz",
                "reference": null,
                "shasum": null
            },
            "type": "library"
        }
    ],
    "packages-dev": [],
    "aliases": [],
    "minimum-stability": "stable",
    "stability-flags": [],
    "prefer-stable": false,
    "prefer-lowest": false,
    "platform": [],
    "platform-dev": []
}
